{
  "version": 4,
  "terraform_version": "0.12.20",
  "serial": 16,
  "lineage": "7bfce9ce-6e30-5aa8-f772-a2e83e06d737",
  "outputs": {},
  "resources": [
    {
      "module": "module.rds_replica",
      "mode": "managed",
      "type": "aws_db_instance",
      "name": "default",
      "each": "list",
      "provider": "provider.aws",
      "instances": [
        {
          "index_key": 0,
          "status": "tainted",
          "schema_version": 1,
          "attributes": {
            "address": "eg-prod-reporting.ci7foeenqqse.us-west-2.rds.amazonaws.com",
            "allocated_storage": 100,
            "allow_major_version_upgrade": false,
            "apply_immediately": false,
            "arn": "arn:aws:rds:us-west-2:574124503382:db:eg-prod-reporting",
            "auto_minor_version_upgrade": true,
            "availability_zone": "us-west-2b",
            "backup_retention_period": 0,
            "backup_window": "22:00-03:00",
            "ca_cert_identifier": "rds-ca-2019",
            "character_set_name": "AL32UTF8",
            "copy_tags_to_snapshot": true,
            "db_subnet_group_name": "eg-prod-reporting",
            "delete_automated_backups": true,
            "deletion_protection": false,
            "domain": "",
            "domain_iam_role_name": "",
            "enabled_cloudwatch_logs_exports": [],
            "endpoint": "eg-prod-reporting.ci7foeenqqse.us-west-2.rds.amazonaws.com:1521",
            "engine": "oracle-ee",
            "engine_version": "12.1.0.2.v19",
            "final_snapshot_identifier": null,
            "hosted_zone_id": "Z1PVIF0B656C1W",
            "iam_database_authentication_enabled": false,
            "id": "eg-prod-reporting",
            "identifier": "eg-prod-reporting",
            "identifier_prefix": null,
            "instance_class": "db.m5.xlarge",
            "iops": 0,
            "kms_key_id": "arn:aws:kms:us-west-2:574124503382:key/745df9ac-8661-4f8d-b145-63093b06d068",
            "license_model": "bring-your-own-license",
            "maintenance_window": "mon:03:00-mon:04:00",
            "max_allocated_storage": 0,
            "monitoring_interval": 0,
            "monitoring_role_arn": "",
            "multi_az": true,
            "name": "DEMODB",
            "option_group_name": "replica-12-1-1dc4e54b-9287-4932-a1e7-926c962ca64f",
            "parameter_group_name": "default.oracle-ee-12.1",
            "password": null,
            "performance_insights_enabled": false,
            "performance_insights_kms_key_id": "",
            "performance_insights_retention_period": 0,
            "port": 1521,
            "publicly_accessible": false,
            "replicas": [],
            "replicate_source_db": "arn:aws:rds:ap-south-1:574124503382:db:eg-prod-app",
            "resource_id": "db-6HOMPCQOJXGEUBBE774VUVRDOQ",
            "s3_import": [],
            "security_group_names": [],
            "skip_final_snapshot": false,
            "snapshot_identifier": "",
            "status": "available",
            "storage_encrypted": true,
            "storage_type": "gp2",
            "tags": {
              "Name": "eg-prod-reporting",
              "Namespace": "eg",
              "Stage": "prod"
            },
            "timeouts": null,
            "timezone": "",
            "username": "admin",
            "vpc_security_group_ids": [
              "sg-532d0608"
            ]
          }
        }
      ]
    },
    {
      "module": "module.rds_replica",
      "mode": "managed",
      "type": "aws_db_subnet_group",
      "name": "default",
      "each": "list",
      "provider": "provider.aws",
      "instances": [
        {
          "index_key": 0,
          "schema_version": 0,
          "attributes": {
            "arn": "arn:aws:rds:us-west-2:574124503382:subgrp:eg-prod-reporting",
            "description": "Managed by Terraform",
            "id": "eg-prod-reporting",
            "name": "eg-prod-reporting",
            "name_prefix": null,
            "subnet_ids": [
              "subnet-312fda49",
              "subnet-350f197e"
            ],
            "tags": {
              "Name": "eg-prod-reporting",
              "Namespace": "eg",
              "Stage": "prod"
            }
          },
          "private": "bnVsbA==",
          "dependencies": [
            "module.rds_replica.module.label.null_resource.default"
          ]
        }
      ]
    },
    {
      "module": "module.rds_replica",
      "mode": "managed",
      "type": "aws_kms_key",
      "name": "default",
      "each": "list",
      "provider": "provider.aws",
      "instances": [
        {
          "index_key": 0,
          "schema_version": 0,
          "attributes": {
            "arn": "arn:aws:kms:us-west-2:574124503382:key/745df9ac-8661-4f8d-b145-63093b06d068",
            "customer_master_key_spec": "SYMMETRIC_DEFAULT",
            "deletion_window_in_days": 10,
            "description": "eg-prod-reporting",
            "enable_key_rotation": true,
            "id": "745df9ac-8661-4f8d-b145-63093b06d068",
            "is_enabled": true,
            "key_id": "745df9ac-8661-4f8d-b145-63093b06d068",
            "key_usage": "ENCRYPT_DECRYPT",
            "policy": "{\"Id\":\"key-default-1\",\"Statement\":[{\"Action\":\"kms:*\",\"Effect\":\"Allow\",\"Principal\":{\"AWS\":\"arn:aws:iam::574124503382:root\"},\"Resource\":\"*\",\"Sid\":\"Enable IAM User Permissions\"}],\"Version\":\"2012-10-17\"}",
            "tags": {
              "Name": "eg-prod-reporting",
              "Namespace": "eg",
              "Stage": "prod"
            }
          },
          "private": "bnVsbA==",
          "dependencies": [
            "module.rds_replica.module.label.null_resource.default"
          ]
        }
      ]
    },
    {
      "module": "module.rds_replica",
      "mode": "managed",
      "type": "aws_security_group",
      "name": "default",
      "each": "list",
      "provider": "provider.aws",
      "instances": [
        {
          "index_key": 0,
          "schema_version": 1,
          "attributes": {
            "arn": "arn:aws:ec2:us-west-2:574124503382:security-group/sg-0f1327aadf6f89607",
            "description": "Allow inbound traffic from the security groups",
            "egress": [],
            "id": "sg-0f1327aadf6f89607",
            "ingress": [],
            "name": "eg-prod-reporting",
            "name_prefix": null,
            "owner_id": "574124503382",
            "revoke_rules_on_delete": false,
            "tags": {
              "Name": "eg-prod-reporting",
              "Namespace": "eg",
              "Stage": "prod"
            },
            "timeouts": null,
            "vpc_id": "vpc-6b0b9313"
          },
          "private": "eyJlMmJmYjczMC1lY2FhLTExZTYtOGY4OC0zNDM2M2JjN2M0YzAiOnsiY3JlYXRlIjo2MDAwMDAwMDAwMDAsImRlbGV0ZSI6NjAwMDAwMDAwMDAwfSwic2NoZW1hX3ZlcnNpb24iOiIxIn0=",
          "dependencies": [
            "module.rds_replica.module.label.null_resource.default"
          ]
        }
      ]
    },
    {
      "module": "module.rds_replica",
      "mode": "managed",
      "type": "aws_security_group_rule",
      "name": "allow_egress",
      "each": "list",
      "provider": "provider.aws",
      "instances": [
        {
          "index_key": 0,
          "schema_version": 2,
          "attributes": {
            "cidr_blocks": [
              "0.0.0.0/0"
            ],
            "description": null,
            "from_port": 0,
            "id": "sgrule-4229808623",
            "ipv6_cidr_blocks": null,
            "prefix_list_ids": null,
            "protocol": "-1",
            "security_group_id": "sg-0f1327aadf6f89607",
            "self": false,
            "source_security_group_id": null,
            "to_port": 0,
            "type": "egress"
          },
          "private": "eyJzY2hlbWFfdmVyc2lvbiI6IjIifQ==",
          "dependencies": [
            "module.rds_replica.aws_security_group.default",
            "module.rds_replica.module.label.null_resource.default"
          ]
        }
      ]
    },
    {
      "module": "module.rds_replica",
      "mode": "managed",
      "type": "aws_security_group_rule",
      "name": "allow_ingress",
      "each": "list",
      "provider": "provider.aws",
      "instances": [
        {
          "index_key": 0,
          "schema_version": 2,
          "attributes": {
            "cidr_blocks": null,
            "description": null,
            "from_port": 1521,
            "id": "sgrule-2977797802",
            "ipv6_cidr_blocks": null,
            "prefix_list_ids": null,
            "protocol": "tcp",
            "security_group_id": "sg-0f1327aadf6f89607",
            "self": false,
            "source_security_group_id": "sg-532d0608",
            "to_port": 1521,
            "type": "ingress"
          },
          "private": "eyJzY2hlbWFfdmVyc2lvbiI6IjIifQ==",
          "dependencies": [
            "module.rds_replica.aws_security_group.default",
            "module.rds_replica.module.label.null_resource.default"
          ]
        }
      ]
    },
    {
      "module": "module.rds_replica.module.label",
      "mode": "managed",
      "type": "null_resource",
      "name": "default",
      "each": "list",
      "provider": "provider.null",
      "instances": [
        {
          "index_key": 0,
          "schema_version": 0,
          "attributes": {
            "id": "4876740776390917274",
            "triggers": {
              "attributes": "",
              "id": "eg-prod-reporting",
              "name": "reporting",
              "namespace": "eg",
              "stage": "prod"
            }
          }
        }
      ]
    }
  ]
}
