{
  "version": 4,
  "terraform_version": "0.12.20",
  "serial": 11,
  "lineage": "dfab8cd6-6e00-2bf0-bb01-2b671bb9fc71",
  "outputs": {},
  "resources": [
    {
      "module": "module.rds_instance",
      "mode": "managed",
      "type": "aws_db_instance",
      "name": "default",
      "each": "list",
      "provider": "provider.aws",
      "instances": [
        {
          "index_key": 0,
          "schema_version": 1,
          "attributes": {
            "address": "eg-prod-app.ckl9haoyuk5b.ap-south-1.rds.amazonaws.com",
            "allocated_storage": 100,
            "allow_major_version_upgrade": false,
            "apply_immediately": false,
            "arn": "arn:aws:rds:ap-south-1:574124503382:db:eg-prod-app",
            "auto_minor_version_upgrade": true,
            "availability_zone": "ap-south-1b",
            "backup_retention_period": 7,
            "backup_window": "22:00-03:00",
            "ca_cert_identifier": "rds-ca-2019",
            "character_set_name": "AL32UTF8",
            "copy_tags_to_snapshot": true,
            "db_subnet_group_name": "eg-prod-app",
            "delete_automated_backups": true,
            "deletion_protection": false,
            "domain": "",
            "domain_iam_role_name": "",
            "enabled_cloudwatch_logs_exports": [],
            "endpoint": "eg-prod-app.ckl9haoyuk5b.ap-south-1.rds.amazonaws.com:1521",
            "engine": "oracle-ee",
            "engine_version": "12.1.0.2.v19",
            "final_snapshot_identifier": "eg-prod-app-final-snapshot",
            "hosted_zone_id": "Z2VFMSZA74J7XZ",
            "iam_database_authentication_enabled": false,
            "id": "eg-prod-app",
            "identifier": "eg-prod-app",
            "identifier_prefix": null,
            "instance_class": "db.m5.xlarge",
            "iops": 0,
            "kms_key_id": "arn:aws:kms:ap-south-1:574124503382:key/ebd3810f-421e-4da9-8ad8-9ce4a23031f7",
            "license_model": "bring-your-own-license",
            "maintenance_window": "mon:03:00-mon:04:00",
            "max_allocated_storage": 0,
            "monitoring_interval": 0,
            "monitoring_role_arn": "",
            "multi_az": false,
            "name": "DEMODB",
            "option_group_name": "eg-test-rds-test",
            "parameter_group_name": "eg-prod-app",
            "password": "YourPwdShouldBeLongAndSecure!",
            "performance_insights_enabled": false,
            "performance_insights_kms_key_id": "",
            "performance_insights_retention_period": 0,
            "port": 1521,
            "publicly_accessible": false,
            "replicas": [],
            "replicate_source_db": "",
            "resource_id": "db-5CCZZMBVRIDJWBCPCJDG6LWQEM",
            "s3_import": [],
            "security_group_names": [],
            "skip_final_snapshot": false,
            "snapshot_identifier": "",
            "status": "available",
            "storage_encrypted": true,
            "storage_type": "gp2",
            "tags": {
              "Name": "eg-prod-app",
              "Namespace": "eg",
              "Stage": "prod"
            },
            "timeouts": null,
            "timezone": "",
            "username": "admin",
            "vpc_security_group_ids": [
              "sg-053534d708f37d88d"
            ]
          },
          "private": "eyJlMmJmYjczMC1lY2FhLTExZTYtOGY4OC0zNDM2M2JjN2M0YzAiOnsiY3JlYXRlIjoyNDAwMDAwMDAwMDAwLCJkZWxldGUiOjI0MDAwMDAwMDAwMDAsInVwZGF0ZSI6NDgwMDAwMDAwMDAwMH0sInNjaGVtYV92ZXJzaW9uIjoiMSJ9",
          "dependencies": [
            "module.rds_instance.aws_db_option_group.default",
            "module.rds_instance.aws_db_parameter_group.default",
            "module.rds_instance.aws_db_subnet_group.default",
            "module.rds_instance.aws_security_group.default"
          ]
        }
      ]
    },
    {
      "module": "module.rds_instance",
      "mode": "managed",
      "type": "aws_db_option_group",
      "name": "default",
      "each": "list",
      "provider": "provider.aws",
      "instances": []
    },
    {
      "module": "module.rds_instance",
      "mode": "managed",
      "type": "aws_db_parameter_group",
      "name": "default",
      "each": "list",
      "provider": "provider.aws",
      "instances": [
        {
          "index_key": 0,
          "schema_version": 0,
          "attributes": {
            "arn": "arn:aws:rds:ap-south-1:574124503382:pg:eg-prod-app",
            "description": "Managed by Terraform",
            "family": "oracle-ee-12.1",
            "id": "eg-prod-app",
            "name": "eg-prod-app",
            "name_prefix": null,
            "parameter": [],
            "tags": {
              "Name": "eg-prod-app",
              "Namespace": "eg",
              "Stage": "prod"
            }
          },
          "private": "bnVsbA=="
        }
      ]
    },
    {
      "module": "module.rds_instance",
      "mode": "managed",
      "type": "aws_db_subnet_group",
      "name": "default",
      "each": "list",
      "provider": "provider.aws",
      "instances": [
        {
          "index_key": 0,
          "schema_version": 0,
          "attributes": {
            "arn": "arn:aws:rds:ap-south-1:574124503382:subgrp:eg-prod-app",
            "description": "Managed by Terraform",
            "id": "eg-prod-app",
            "name": "eg-prod-app",
            "name_prefix": null,
            "subnet_ids": [
              "subnet-07ac22e60ffc743fc",
              "subnet-093b2f2da6a73b345"
            ],
            "tags": {
              "Name": "eg-prod-app",
              "Namespace": "eg",
              "Stage": "prod"
            }
          },
          "private": "bnVsbA=="
        }
      ]
    },
    {
      "module": "module.rds_instance",
      "mode": "managed",
      "type": "aws_security_group",
      "name": "default",
      "each": "list",
      "provider": "provider.aws",
      "instances": [
        {
          "index_key": 0,
          "schema_version": 1,
          "attributes": {
            "arn": "arn:aws:ec2:ap-south-1:574124503382:security-group/sg-053534d708f37d88d",
            "description": "Allow inbound traffic from the security groups",
            "egress": [
              {
                "cidr_blocks": [
                  "0.0.0.0/0"
                ],
                "description": "Allow all egress traffic",
                "from_port": 0,
                "ipv6_cidr_blocks": [],
                "prefix_list_ids": [],
                "protocol": "-1",
                "security_groups": [],
                "self": false,
                "to_port": 0
              }
            ],
            "id": "sg-053534d708f37d88d",
            "ingress": [
              {
                "cidr_blocks": [
                  "172.16.0.0/16"
                ],
                "description": "Allow inbound traffic from CIDR blocks",
                "from_port": 1521,
                "ipv6_cidr_blocks": [],
                "prefix_list_ids": [],
                "protocol": "tcp",
                "security_groups": [],
                "self": false,
                "to_port": 1521
              },
              {
                "cidr_blocks": [],
                "description": "Allow inbound traffic from existing Security Groups",
                "from_port": 1521,
                "ipv6_cidr_blocks": [],
                "prefix_list_ids": [],
                "protocol": "tcp",
                "security_groups": [
                  "sg-0046a4e8de0e30dad"
                ],
                "self": false,
                "to_port": 1521
              }
            ],
            "name": "eg-prod-app",
            "name_prefix": null,
            "owner_id": "574124503382",
            "revoke_rules_on_delete": false,
            "tags": {
              "Name": "eg-prod-app",
              "Namespace": "eg",
              "Stage": "prod"
            },
            "timeouts": null,
            "vpc_id": "vpc-01e18b20cc45528d6"
          },
          "private": "eyJlMmJmYjczMC1lY2FhLTExZTYtOGY4OC0zNDM2M2JjN2M0YzAiOnsiY3JlYXRlIjo2MDAwMDAwMDAwMDAsImRlbGV0ZSI6NjAwMDAwMDAwMDAwfSwic2NoZW1hX3ZlcnNpb24iOiIxIn0="
        }
      ]
    },
    {
      "module": "module.rds_instance",
      "mode": "managed",
      "type": "aws_security_group_rule",
      "name": "egress",
      "each": "list",
      "provider": "provider.aws",
      "instances": [
        {
          "index_key": 0,
          "schema_version": 2,
          "attributes": {
            "cidr_blocks": [
              "0.0.0.0/0"
            ],
            "description": "Allow all egress traffic",
            "from_port": 0,
            "id": "sgrule-1702983455",
            "ipv6_cidr_blocks": [],
            "prefix_list_ids": [],
            "protocol": "-1",
            "security_group_id": "sg-053534d708f37d88d",
            "self": false,
            "source_security_group_id": null,
            "to_port": 0,
            "type": "egress"
          },
          "private": "eyJzY2hlbWFfdmVyc2lvbiI6IjIifQ==",
          "dependencies": [
            "module.rds_instance.aws_security_group.default"
          ]
        }
      ]
    },
    {
      "module": "module.rds_instance",
      "mode": "managed",
      "type": "aws_security_group_rule",
      "name": "ingress_cidr_blocks",
      "each": "list",
      "provider": "provider.aws",
      "instances": [
        {
          "index_key": 0,
          "schema_version": 2,
          "attributes": {
            "cidr_blocks": [
              "172.16.0.0/16"
            ],
            "description": "Allow inbound traffic from CIDR blocks",
            "from_port": 1521,
            "id": "sgrule-4225859598",
            "ipv6_cidr_blocks": [],
            "prefix_list_ids": [],
            "protocol": "tcp",
            "security_group_id": "sg-053534d708f37d88d",
            "self": false,
            "source_security_group_id": null,
            "to_port": 1521,
            "type": "ingress"
          },
          "private": "eyJzY2hlbWFfdmVyc2lvbiI6IjIifQ==",
          "dependencies": [
            "module.rds_instance.aws_security_group.default"
          ]
        }
      ]
    },
    {
      "module": "module.rds_instance",
      "mode": "managed",
      "type": "aws_security_group_rule",
      "name": "ingress_security_groups",
      "each": "list",
      "provider": "provider.aws",
      "instances": [
        {
          "index_key": 0,
          "schema_version": 2,
          "attributes": {
            "cidr_blocks": [],
            "description": "Allow inbound traffic from existing Security Groups",
            "from_port": 1521,
            "id": "sgrule-3709585648",
            "ipv6_cidr_blocks": [],
            "prefix_list_ids": [],
            "protocol": "tcp",
            "security_group_id": "sg-053534d708f37d88d",
            "self": false,
            "source_security_group_id": "sg-0046a4e8de0e30dad",
            "to_port": 1521,
            "type": "ingress"
          },
          "private": "eyJzY2hlbWFfdmVyc2lvbiI6IjIifQ==",
          "dependencies": [
            "module.rds_instance.aws_security_group.default"
          ]
        }
      ]
    }
  ]
}
